
Microsoft Visual Studio Solution File, Format Version 12.00
# Visual Studio Version 16
VisualStudioVersion = 16.0.30413.136
MinimumVisualStudioVersion = 10.0.40219.1
Project("{FAE04EC0-301F-11D3-BF4B-00C04F79EFBC}") = "Conexion con la base de datos", "Conexion con la base de datos\Conexion con la base de datos.csproj", "{FEBFE0AA-DDB3-485C-B0F1-DDD6DCCF57CC}"
EndProject
Project("{FAE04EC0-301F-11D3-BF4B-00C04F79EFBC}") = "Negocios", "Negocios\Negocios.csproj", "{762B37E7-43FD-4890-B624-68453B4C9D61}"
EndProject
Project("{FAE04EC0-301F-11D3-BF4B-00C04F79EFBC}") = "Datos1", "Datos1\Datos1.csproj", "{78ABE20B-758A-44DE-9EB9-43F72C9232F8}"
EndProject
Global
	GlobalSection(SolutionConfigurationPlatforms) = preSolution
		Debug|Any CPU = Debug|Any CPU
		Release|Any CPU = Release|Any CPU
	EndGlobalSection
	GlobalSection(ProjectConfigurationPlatforms) = postSolution
		{FEBFE0AA-DDB3-485C-B0F1-DDD6DCCF57CC}.Debug|Any CPU.ActiveCfg = Debug|Any CPU
		{FEBFE0AA-DDB3-485C-B0F1-DDD6DCCF57CC}.Debug|Any CPU.Build.0 = Debug|Any CPU
		{FEBFE0AA-DDB3-485C-B0F1-DDD6DCCF57CC}.Release|Any CPU.ActiveCfg = Release|Any CPU
		{FEBFE0AA-DDB3-485C-B0F1-DDD6DCCF57CC}.Release|Any CPU.Build.0 = Release|Any CPU
		{762B37E7-43FD-4890-B624-68453B4C9D61}.Debug|Any CPU.ActiveCfg = Debug|Any CPU
		{762B37E7-43FD-4890-B624-68453B4C9D61}.Debug|Any CPU.Build.0 = Debug|Any CPU
		{762B37E7-43FD-4890-B624-68453B4C9D61}.Release|Any CPU.ActiveCfg = Release|Any CPU
		{762B37E7-43FD-4890-B624-68453B4C9D61}.Release|Any CPU.Build.0 = Release|Any CPU
		{78ABE20B-758A-44DE-9EB9-43F72C9232F8}.Debug|Any CPU.ActiveCfg = Debug|Any CPU
		{78ABE20B-758A-44DE-9EB9-43F72C9232F8}.Debug|Any CPU.Build.0 = Debug|Any CPU
		{78ABE20B-758A-44DE-9EB9-43F72C9232F8}.Release|Any CPU.ActiveCfg = Release|Any CPU
		{78ABE20B-758A-44DE-9EB9-43F72C9232F8}.Release|Any CPU.Build.0 = Release|Any CPU
	EndGlobalSection
	GlobalSection(SolutionProperties) = preSolution
		HideSolutionNode = FALSE
	EndGlobalSection
	GlobalSection(ExtensibilityGlobals) = postSolution
		SolutionGuid = {E88E4B16-CF0A-40A8-95D7-183FF577DB10}
	EndGlobalSection
EndGlobal
